// !$*UTF8*$!
{
	archiveVersion = 1;
	classes = {
	};
	objectVersion = 55;
	objects = {

/* Begin PBXBuildFile section */
		17D29B5A28071154008548AF /* cloudAttackApp.swift in Sources */ = {isa = PBXBuildFile; fileRef = 17D29B5928071154008548AF /* cloudAttackApp.swift */; };
		17D29B5C28071154008548AF /* ContentView.swift in Sources */ = {isa = PBXBuildFile; fileRef = 17D29B5B28071154008548AF /* ContentView.swift */; };
		17D29B5E28071157008548AF /* Assets.xcassets in Resources */ = {isa = PBXBuildFile; fileRef = 17D29B5D28071157008548AF /* Assets.xcassets */; };
		17D29B6128071157008548AF /* Preview Assets.xcassets in Resources */ = {isa = PBXBuildFile; fileRef = 17D29B6028071157008548AF /* Preview Assets.xcassets */; };
		17D29B68280711CA008548AF /* Player.swift in Sources */ = {isa = PBXBuildFile; fileRef = 17D29B67280711CA008548AF /* Player.swift */; };
		17D29B6A280712FA008548AF /* ViewModel.swift in Sources */ = {isa = PBXBuildFile; fileRef = 17D29B69280712FA008548AF /* ViewModel.swift */; };
		17D29B6C280716B4008548AF /* CreatePlayerView.swift in Sources */ = {isa = PBXBuildFile; fileRef = 17D29B6B280716B4008548AF /* CreatePlayerView.swift */; };
		17D29B6E28072BCE008548AF /* PlayGame.swift in Sources */ = {isa = PBXBuildFile; fileRef = 17D29B6D28072BCE008548AF /* PlayGame.swift */; };
		17D29B702807342A008548AF /* OtherPlayerView.swift in Sources */ = {isa = PBXBuildFile; fileRef = 17D29B6F2807342A008548AF /* OtherPlayerView.swift */; };
/* End PBXBuildFile section */

/* Begin PBXFileReference section */
		17D29B5628071154008548AF /* cloudAttack.app */ = {isa = PBXFileReference; explicitFileType = wrapper.application; includeInIndex = 0; path = cloudAttack.app; sourceTree = BUILT_PRODUCTS_DIR; };
		17D29B5928071154008548AF /* cloudAttackApp.swift */ = {isa = PBXFileReference; lastKnownFileType = sourcecode.swift; path = cloudAttackApp.swift; sourceTree = "<group>"; };
		17D29B5B28071154008548AF /* ContentView.swift */ = {isa = PBXFileReference; lastKnownFileType = sourcecode.swift; path = ContentView.swift; sourceTree = "<group>"; };
		17D29B5D28071157008548AF /* Assets.xcassets */ = {isa = PBXFileReference; lastKnownFileType = folder.assetcatalog; path = Assets.xcassets; sourceTree = "<group>"; };
		17D29B6028071157008548AF /* Preview Assets.xcassets */ = {isa = PBXFileReference; lastKnownFileType = folder.assetcatalog; path = "Preview Assets.xcassets"; sourceTree = "<group>"; };
		17D29B67280711CA008548AF /* Player.swift */ = {isa = PBXFileReference; lastKnownFileType = sourcecode.swift; path = Player.swift; sourceTree = "<group>"; };
		17D29B69280712FA008548AF /* ViewModel.swift */ = {isa = PBXFileReference; lastKnownFileType = sourcecode.swift; path = ViewModel.swift; sourceTree = "<group>"; };
		17D29B6B280716B4008548AF /* CreatePlayerView.swift */ = {isa = PBXFileReference; lastKnownFileType = sourcecode.swift; path = CreatePlayerView.swift; sourceTree = "<group>"; };
		17D29B6D28072BCE008548AF /* PlayGame.swift */ = {isa = PBXFileReference; lastKnownFileType = sourcecode.swift; path = PlayGame.swift; sourceTree = "<group>"; };
		17D29B6F2807342A008548AF /* OtherPlayerView.swift */ = {isa = PBXFileReference; lastKnownFileType = sourcecode.swift; path = OtherPlayerView.swift; sourceTree = "<group>"; };
/* End PBXFileReference section */

/* Begin PBXFrameworksBuildPhase section */
		17D29B5328071154008548AF /* Frameworks */ = {
			isa = PBXFrameworksBuildPhase;
			buildActionMask = 2147483647;
			files = (
			);
			runOnlyForDeploymentPostprocessing = 0;
		};
/* End PBXFrameworksBuildPhase section */

/* Begin PBXGroup section */
		17D29B4D28071154008548AF = {
			isa = PBXGroup;
			children = (
				17D29B5828071154008548AF /* cloudAttack */,
				17D29B5728071154008548AF /* Products */,
			);
			sourceTree = "<group>";
		};
		17D29B5728071154008548AF /* Products */ = {
			isa = PBXGroup;
			children = (
				17D29B5628071154008548AF /* cloudAttack.app */,
			);
			name = Products;
			sourceTree = "<group>";
		};
		17D29B5828071154008548AF /* cloudAttack */ = {
			isa = PBXGroup;
			children = (
				17D29B74280783BC008548AF /* App Lifecycle (Look Only) */,
				17D29B7328077B24008548AF /* Model (Look Only) */,
				17D29B7228077B0E008548AF /* Component (Modify) */,
				17D29B7128077AF9008548AF /* Views (Modify) */,
				17D29B5D28071157008548AF /* Assets.xcassets */,
				17D29B5F28071157008548AF /* Preview Content */,
			);
			path = cloudAttack;
			sourceTree = "<group>";
		};
		17D29B5F28071157008548AF /* Preview Content */ = {
			isa = PBXGroup;
			children = (
				17D29B6028071157008548AF /* Preview Assets.xcassets */,
			);
			path = "Preview Content";
			sourceTree = "<group>";
		};
		17D29B7128077AF9008548AF /* Views (Modify) */ = {
			isa = PBXGroup;
			children = (
				17D29B5B28071154008548AF /* ContentView.swift */,
				17D29B6B280716B4008548AF /* CreatePlayerView.swift */,
				17D29B6D28072BCE008548AF /* PlayGame.swift */,
			);
			path = "Views (Modify)";
			sourceTree = "<group>";
		};
		17D29B7228077B0E008548AF /* Component (Modify) */ = {
			isa = PBXGroup;
			children = (
				17D29B6F2807342A008548AF /* OtherPlayerView.swift */,
			);
			path = "Component (Modify)";
			sourceTree = "<group>";
		};
		17D29B7328077B24008548AF /* Model (Look Only) */ = {
			isa = PBXGroup;
			children = (
				17D29B67280711CA008548AF /* Player.swift */,
				17D29B69280712FA008548AF /* ViewModel.swift */,
			);
			path = "Model (Look Only)";
			sourceTree = "<group>";
		};
		17D29B74280783BC008548AF /* App Lifecycle (Look Only) */ = {
			isa = PBXGroup;
			children = (
				17D29B5928071154008548AF /* cloudAttackApp.swift */,
			);
			path = "App Lifecycle (Look Only)";
			sourceTree = "<group>";
		};
/* End PBXGroup section */

/* Begin PBXNativeTarget section */
		17D29B5528071154008548AF /* cloudAttack */ = {
			isa = PBXNativeTarget;
			buildConfigurationList = 17D29B6428071157008548AF /* Build configuration list for PBXNativeTarget "cloudAttack" */;
			buildPhases = (
				17D29B5228071154008548AF /* Sources */,
				17D29B5328071154008548AF /* Frameworks */,
				17D29B5428071154008548AF /* Resources */,
			);
			buildRules = (
			);
			dependencies = (
			);
			name = cloudAttack;
			productName = cloudAttack;
			productReference = 17D29B5628071154008548AF /* cloudAttack.app */;
			productType = "com.apple.product-type.application";
		};
/* End PBXNativeTarget section */

/* Begin PBXProject section */
		17D29B4E28071154008548AF /* Project object */ = {
			isa = PBXProject;
			attributes = {
				BuildIndependentTargetsInParallel = 1;
				LastSwiftUpdateCheck = 1330;
				LastUpgradeCheck = 1330;
				TargetAttributes = {
					17D29B5528071154008548AF = {
						CreatedOnToolsVersion = 13.3;
					};
				};
			};
			buildConfigurationList = 17D29B5128071154008548AF /* Build configuration list for PBXProject "cloudAttack" */;
			compatibilityVersion = "Xcode 13.0";
			developmentRegion = en;
			hasScannedForEncodings = 0;
			knownRegions = (
				en,
				Base,
			);
			mainGroup = 17D29B4D28071154008548AF;
			productRefGroup = 17D29B5728071154008548AF /* Products */;
			projectDirPath = "";
			projectRoot = "";
			targets = (
				17D29B5528071154008548AF /* cloudAttack */,
			);
		};
/* End PBXProject section */

/* Begin PBXResourcesBuildPhase section */
		17D29B5428071154008548AF /* Resources */ = {
			isa = PBXResourcesBuildPhase;
			buildActionMask = 2147483647;
			files = (
				17D29B6128071157008548AF /* Preview Assets.xcassets in Resources */,
				17D29B5E28071157008548AF /* Assets.xcassets in Resources */,
			);
			runOnlyForDeploymentPostprocessing = 0;
		};
/* End PBXResourcesBuildPhase section */

/* Begin PBXSourcesBuildPhase section */
		17D29B5228071154008548AF /* Sources */ = {
			isa = PBXSourcesBuildPhase;
			buildActionMask = 2147483647;
			files = (
				17D29B702807342A008548AF /* OtherPlayerView.swift in Sources */,
				17D29B6C280716B4008548AF /* CreatePlayerView.swift in Sources */,
				17D29B6E28072BCE008548AF /* PlayGame.swift in Sources */,
				17D29B5C28071154008548AF /* ContentView.swift in Sources */,
				17D29B68280711CA008548AF /* Player.swift in Sources */,
				17D29B6A280712FA008548AF /* ViewModel.swift in Sources */,
				17D29B5A28071154008548AF /* cloudAttackApp.swift in Sources */,
			);
			runOnlyForDeploymentPostprocessing = 0;
		};
/* End PBXSourcesBuildPhase section */

/* Begin XCBuildConfiguration section */
		17D29B6228071157008548AF /* Debug */ = {
			isa = XCBuildConfiguration;
			buildSettings = {
				ALWAYS_SEARCH_USER_PATHS = NO;
				CLANG_ANALYZER_NONNULL = YES;
				CLANG_ANALYZER_NUMBER_OBJECT_CONVERSION = YES_AGGRESSIVE;
				CLANG_CXX_LANGUAGE_STANDARD = "gnu++17";
				CLANG_ENABLE_MODULES = YES;
				CLANG_ENABLE_OBJC_ARC = YES;
				CLANG_ENABLE_OBJC_WEAK = YES;
				CLANG_WARN_BLOCK_CAPTURE_AUTORELEASING = YES;
				CLANG_WARN_BOOL_CONVERSION = YES;
				CLANG_WARN_COMMA = YES;
				CLANG_WARN_CONSTANT_CONVERSION = YES;
				CLANG_WARN_DEPRECATED_OBJC_IMPLEMENTATIONS = YES;
				CLANG_WARN_DIRECT_OBJC_ISA_USAGE = YES_ERROR;
				CLANG_WARN_DOCUMENTATION_COMMENTS = YES;
				CLANG_WARN_EMPTY_BODY = YES;
				CLANG_WARN_ENUM_CONVERSION = YES;
				CLANG_WARN_INFINITE_RECURSION = YES;
				CLANG_WARN_INT_CONVERSION = YES;
				CLANG_WARN_NON_LITERAL_NULL_CONVERSION = YES;
				CLANG_WARN_OBJC_IMPLICIT_RETAIN_SELF = YES;
				CLANG_WARN_OBJC_LITERAL_CONVERSION = YES;
				CLANG_WARN_OBJC_ROOT_CLASS = YES_ERROR;
				CLANG_WARN_QUOTED_INCLUDE_IN_FRAMEWORK_HEADER = YES;
				CLANG_WARN_RANGE_LOOP_ANALYSIS = YES;
				CLANG_WARN_STRICT_PROTOTYPES = YES;
				CLANG_WARN_SUSPICIOUS_MOVE = YES;
				CLANG_WARN_UNGUARDED_AVAILABILITY = YES_AGGRESSIVE;
				CLANG_WARN_UNREACHABLE_CODE = YES;
				CLANG_WARN__DUPLICATE_METHOD_MATCH = YES;
				COPY_PHASE_STRIP = NO;
				DEBUG_INFORMATION_FORMAT = dwarf;
				ENABLE_STRICT_OBJC_MSGSEND = YES;
				ENABLE_TESTABILITY = YES;
				GCC_C_LANGUAGE_STANDARD = gnu11;
				GCC_DYNAMIC_NO_PIC = NO;
				GCC_NO_COMMON_BLOCKS = YES;
				GCC_OPTIMIZATION_LEVEL = 0;
				GCC_PREPROCESSOR_DEFINITIONS = (
					"DEBUG=1",
					"$(inherited)",
				);
				GCC_WARN_64_TO_32_BIT_CONVERSION = YES;
				GCC_WARN_ABOUT_RETURN_TYPE = YES_ERROR;
				GCC_WARN_UNDECLARED_SELECTOR = YES;
				GCC_WARN_UNINITIALIZED_AUTOS = YES_AGGRESSIVE;
				GCC_WARN_UNUSED_FUNCTION = YES;
				GCC_WARN_UNUSED_VARIABLE = YES;
				IPHONEOS_DEPLOYMENT_TARGET = 15.4;
				MTL_ENABLE_DEBUG_INFO = INCLUDE_SOURCE;
				MTL_FAST_MATH = YES;
				ONLY_ACTIVE_ARCH = YES;
				SDKROOT = iphoneos;
				SWIFT_ACTIVE_COMPILATION_CONDITIONS = DEBUG;
				SWIFT_OPTIMIZATION_LEVEL = "-Onone";
			};
			name = Debug;
		};
		17D29B6328071157008548AF /* Release */ = {
			isa = XCBuildConfiguration;
			buildSettings = {
				ALWAYS_SEARCH_USER_PATHS = NO;
				CLANG_ANALYZER_NONNULL = YES;
				CLANG_ANALYZER_NUMBER_OBJECT_CONVERSION = YES_AGGRESSIVE;
				CLANG_CXX_LANGUAGE_STANDARD = "gnu++17";
				CLANG_ENABLE_MODULES = YES;
				CLANG_ENABLE_OBJC_ARC = YES;
				CLANG_ENABLE_OBJC_WEAK = YES;
				CLANG_WARN_BLOCK_CAPTURE_AUTORELEASING = YES;
				CLANG_WARN_BOOL_CONVERSION = YES;
				CLANG_WARN_COMMA = YES;
				CLANG_WARN_CONSTANT_CONVERSION = YES;
				CLANG_WARN_DEPRECATED_OBJC_IMPLEMENTATIONS = YES;
				CLANG_WARN_DIRECT_OBJC_ISA_USAGE = YES_ERROR;
				CLANG_WARN_DOCUMENTATION_COMMENTS = YES;
				CLANG_WARN_EMPTY_BODY = YES;
				CLANG_WARN_ENUM_CONVERSION = YES;
				CLANG_WARN_INFINITE_RECURSION = YES;
				CLANG_WARN_INT_CONVERSION = YES;
				CLANG_WARN_NON_LITERAL_NULL_CONVERSION = YES;
				CLANG_WARN_OBJC_IMPLICIT_RETAIN_SELF = YES;
				CLANG_WARN_OBJC_LITERAL_CONVERSION = YES;
				CLANG_WARN_OBJC_ROOT_CLASS = YES_ERROR;
				CLANG_WARN_QUOTED_INCLUDE_IN_FRAMEWORK_HEADER = YES;
				CLANG_WARN_RANGE_LOOP_ANALYSIS = YES;
				CLANG_WARN_STRICT_PROTOTYPES = YES;
				CLANG_WARN_SUSPICIOUS_MOVE = YES;
				CLANG_WARN_UNGUARDED_AVAILABILITY = YES_AGGRESSIVE;
				CLANG_WARN_UNREACHABLE_CODE = YES;
				CLANG_WARN__DUPLICATE_METHOD_MATCH = YES;
				COPY_PHASE_STRIP = NO;
				DEBUG_INFORMATION_FORMAT = "dwarf-with-dsym";
				ENABLE_NS_ASSERTIONS = NO;
				ENABLE_STRICT_OBJC_MSGSEND = YES;
				GCC_C_LANGUAGE_STANDARD = gnu11;
				GCC_NO_COMMON_BLOCKS = YES;
				GCC_WARN_64_TO_32_BIT_CONVERSION = YES;
				GCC_WARN_ABOUT_RETURN_TYPE = YES_ERROR;
				GCC_WARN_UNDECLARED_SELECTOR = YES;
				GCC_WARN_UNINITIALIZED_AUTOS = YES_AGGRESSIVE;
				GCC_WARN_UNUSED_FUNCTION = YES;
				GCC_WARN_UNUSED_VARIABLE = YES;
				IPHONEOS_DEPLOYMENT_TARGET = 15.4;
				MTL_ENABLE_DEBUG_INFO = NO;
				MTL_FAST_MATH = YES;
				SDKROOT = iphoneos;
				SWIFT_COMPILATION_MODE = wholemodule;
				SWIFT_OPTIMIZATION_LEVEL = "-O";
				VALIDATE_PRODUCT = YES;
			};
			name = Release;
		};
		17D29B6528071157008548AF /* Debug */ = {
			isa = XCBuildConfiguration;
			buildSettings = {
				ASSETCATALOG_COMPILER_APPICON_NAME = AppIcon;
				ASSETCATALOG_COMPILER_GLOBAL_ACCENT_COLOR_NAME = AccentColor;
				CODE_SIGN_STYLE = Automatic;
				CURRENT_PROJECT_VERSION = 1;
				DEVELOPMENT_ASSET_PATHS = "\"cloudAttack/Preview Content\"";
				DEVELOPMENT_TEAM = E8QARB2U57;
				ENABLE_PREVIEWS = YES;
				GENERATE_INFOPLIST_FILE = YES;
				INFOPLIST_KEY_UIApplicationSceneManifest_Generation = YES;
				INFOPLIST_KEY_UIApplicationSupportsIndirectInputEvents = YES;
				INFOPLIST_KEY_UILaunchScreen_Generation = YES;
				INFOPLIST_KEY_UISupportedInterfaceOrientations_iPad = "UIInterfaceOrientationPortrait UIInterfaceOrientationPortraitUpsideDown UIInterfaceOrientationLandscapeLeft UIInterfaceOrientationLandscapeRight";
				INFOPLIST_KEY_UISupportedInterfaceOrientations_iPhone = "UIInterfaceOrientationPortrait UIInterfaceOrientationLandscapeLeft UIInterfaceOrientationLandscapeRight";
				IPHONEOS_DEPLOYMENT_TARGET = 14.0;
				LD_RUNPATH_SEARCH_PATHS = (
					"$(inherited)",
					"@executable_path/Frameworks",
				);
				MARKETING_VERSION = 1.0;
				PRODUCT_BUNDLE_IDENTIFIER = com.nwktc.cloudAttack;
				PRODUCT_NAME = "$(TARGET_NAME)";
				SWIFT_EMIT_LOC_STRINGS = YES;
				SWIFT_VERSION = 5.0;
				TARGETED_DEVICE_FAMILY = "1,2";
			};
			name = Debug;
		};
		17D29B6628071157008548AF /* Release */ = {
			isa = XCBuildConfiguration;
			buildSettings = {
				ASSETCATALOG_COMPILER_APPICON_NAME = AppIcon;
				ASSETCATALOG_COMPILER_GLOBAL_ACCENT_COLOR_NAME = AccentColor;
				CODE_SIGN_STYLE = Automatic;
				CURRENT_PROJECT_VERSION = 1;
				DEVELOPMENT_ASSET_PATHS = "\"cloudAttack/Preview Content\"";
				DEVELOPMENT_TEAM = E8QARB2U57;
				ENABLE_PREVIEWS = YES;
				GENERATE_INFOPLIST_FILE = YES;
				INFOPLIST_KEY_UIApplicationSceneManifest_Generation = YES;
				INFOPLIST_KEY_UIApplicationSupportsIndirectInputEvents = YES;
				INFOPLIST_KEY_UILaunchScreen_Generation = YES;
				INFOPLIST_KEY_UISupportedInterfaceOrientations_iPad = "UIInterfaceOrientationPortrait UIInterfaceOrientationPortraitUpsideDown UIInterfaceOrientationLandscapeLeft UIInterfaceOrientationLandscapeRight";
				INFOPLIST_KEY_UISupportedInterfaceOrientations_iPhone = "UIInterfaceOrientationPortrait UIInterfaceOrientationLandscapeLeft UIInterfaceOrientationLandscapeRight";
				IPHONEOS_DEPLOYMENT_TARGET = 14.0;
				LD_RUNPATH_SEARCH_PATHS = (
					"$(inherited)",
					"@executable_path/Frameworks",
				);
				MARKETING_VERSION = 1.0;
				PRODUCT_BUNDLE_IDENTIFIER = com.nwktc.cloudAttack;
				PRODUCT_NAME = "$(TARGET_NAME)";
				SWIFT_EMIT_LOC_STRINGS = YES;
				SWIFT_VERSION = 5.0;
				TARGETED_DEVICE_FAMILY = "1,2";
			};
			name = Release;
		};
/* End XCBuildConfiguration section */

/* Begin XCConfigurationList section */
		17D29B5128071154008548AF /* Build configuration list for PBXProject "cloudAttack" */ = {
			isa = XCConfigurationList;
			buildConfigurations = (
				17D29B6228071157008548AF /* Debug */,
				17D29B6328071157008548AF /* Release */,
			);
			defaultConfigurationIsVisible = 0;
			defaultConfigurationName = Release;
		};
		17D29B6428071157008548AF /* Build configuration list for PBXNativeTarget "cloudAttack" */ = {
			isa = XCConfigurationList;
			buildConfigurations = (
				17D29B6528071157008548AF /* Debug */,
				17D29B6628071157008548AF /* Release */,
			);
			defaultConfigurationIsVisible = 0;
			defaultConfigurationName = Release;
		};
/* End XCConfigurationList section */
	};
	rootObject = 17D29B4E28071154008548AF /* Project object */;
}
